<?xml version="1.0" encoding="utf-8"?>
<Project ToolsVersion="4.0" xmlns="http://schemas.microsoft.com/developer/msbuild/2003">
  <ItemGroup>
    <Filter Include="源文件">
      <UniqueIdentifier>{4FC737F1-C7A5-4376-A066-2A32D752A2FF}</UniqueIdentifier>
      <Extensions>cpp;c;cc;cxx;def;odl;idl;hpj;bat;asm;asmx</Extensions>
    </Filter>
    <Filter Include="头文件">
      <UniqueIdentifier>{93995380-89BD-4b04-88EB-625FBE52EBFB}</UniqueIdentifier>
      <Extensions>h;hh;hpp;hxx;hm;inl;inc;ipp;xsd</Extensions>
    </Filter>
    <Filter Include="资源文件">
      <UniqueIdentifier>{67DA6AB6-F800-4c08-8B7A-83BB121AAD01}</UniqueIdentifier>
      <Extensions>rc;ico;cur;bmp;dlg;rc2;rct;bin;rgs;gif;jpg;jpeg;jpe;resx;tiff;tif;png;wav;mfcribbon-ms</Extensions>
    </Filter>
    <Filter Include="头文件\DllMain">
      <UniqueIdentifier>{53492f8e-08d6-4620-a6ca-50921e290760}</UniqueIdentifier>
    </Filter>
    <Filter Include="源文件\DllMain">
      <UniqueIdentifier>{7a008abc-ba05-4ccd-9cde-fa114f78504f}</UniqueIdentifier>
    </Filter>
    <Filter Include="头文件\GNSSTime">
      <UniqueIdentifier>{78703ce4-23c1-4383-a81a-0791c70b62a3}</UniqueIdentifier>
    </Filter>
    <Filter Include="源文件\GNSSTime">
      <UniqueIdentifier>{f09102e8-5f74-4cf2-9ecb-0625c68d154c}</UniqueIdentifier>
    </Filter>
    <Filter Include="头文件\GNSSAngle">
      <UniqueIdentifier>{c3fe4501-d291-43ae-886b-97951c9578e3}</UniqueIdentifier>
    </Filter>
    <Filter Include="源文件\GNSSAngle">
      <UniqueIdentifier>{835277b2-8e0c-4a24-9056-2b2ac4dfcda7}</UniqueIdentifier>
    </Filter>
    <Filter Include="头文件\GNSSCoord">
      <UniqueIdentifier>{e3cedb67-dc68-4666-95b9-e8b1422eb691}</UniqueIdentifier>
    </Filter>
    <Filter Include="头文件\GNSSEph">
      <UniqueIdentifier>{db9b90de-9dce-47d1-99d3-b2fa8ec386cd}</UniqueIdentifier>
    </Filter>
    <Filter Include="源文件\GNSSCoord">
      <UniqueIdentifier>{3622bc45-5c10-438c-b109-bb0dd4d6e300}</UniqueIdentifier>
    </Filter>
    <Filter Include="源文件\GNSSEph">
      <UniqueIdentifier>{ab4888f8-3f83-4e49-8622-fc66f55500c4}</UniqueIdentifier>
    </Filter>
    <Filter Include="头文件\AppIFs">
      <UniqueIdentifier>{be57cc5f-ddab-4f1c-80b3-f5688ce5f977}</UniqueIdentifier>
    </Filter>
    <Filter Include="源文件\AppIFs">
      <UniqueIdentifier>{75140704-fee9-4089-8469-9572abfd26af}</UniqueIdentifier>
    </Filter>
  </ItemGroup>
  <ItemGroup>
    <ClInclude Include="DllMain\GNSSCommonDef.h">
      <Filter>头文件\DllMain</Filter>
    </ClInclude>
    <ClInclude Include="DllMain\GNSSDataStruct.h">
      <Filter>头文件\DllMain</Filter>
    </ClInclude>
    <ClInclude Include="DllMain\GNSSUtilityInterface.h">
      <Filter>头文件\DllMain</Filter>
    </ClInclude>
    <ClInclude Include="Time\CGNSSTime.h">
      <Filter>头文件\GNSSTime</Filter>
    </ClInclude>
    <ClInclude Include="Angle\CGNSSAngle.h">
      <Filter>头文件\GNSSAngle</Filter>
    </ClInclude>
    <ClInclude Include="Coordinate\CGNSSCoord.h">
      <Filter>头文件\GNSSCoord</Filter>
    </ClInclude>
    <ClInclude Include="Ephemeris\CGNSSEphemeris.h">
      <Filter>头文件\GNSSEph</Filter>
    </ClInclude>
    <ClInclude Include="AppIFs\AppInterface.h">
      <Filter>头文件\AppIFs</Filter>
    </ClInclude>
  </ItemGroup>
  <ItemGroup>
    <ClCompile Include="DllMain\GNSSUtilityInterface.cpp">
      <Filter>源文件\DllMain</Filter>
    </ClCompile>
    <ClCompile Include="Time\CGNSSTime.cpp">
      <Filter>源文件\GNSSTime</Filter>
    </ClCompile>
    <ClCompile Include="Angle\CGNSSAngle.cpp">
      <Filter>源文件\GNSSAngle</Filter>
    </ClCompile>
    <ClCompile Include="Coordinate\CGNSSCoord.cpp">
      <Filter>源文件\GNSSCoord</Filter>
    </ClCompile>
    <ClCompile Include="Ephemeris\CGNSSEphemeris.cpp">
      <Filter>源文件\GNSSEph</Filter>
    </ClCompile>
    <ClCompile Include="AppIFs\AppInterface.cpp">
      <Filter>源文件\AppIFs</Filter>
    </ClCompile>
  </ItemGroup>
</Project>